<?xml version="1.0" encoding="utf-8"?>
<Project ToolsVersion="4.0" xmlns="http://schemas.microsoft.com/developer/msbuild/2003">
  <ItemGroup>
    <Filter Include="External">
      <UniqueIdentifier>{4f0df659-cf79-405c-b891-1810abb85c3b}</UniqueIdentifier>
    </Filter>
    <Filter Include="Minigin">
      <UniqueIdentifier>{7b637f56-d00c-42b6-a949-f30f4314c123}</UniqueIdentifier>
    </Filter>
    <Filter Include="Minigin\Input">
      <UniqueIdentifier>{dbe7be48-df58-4678-98a9-2cbc728b1cf5}</UniqueIdentifier>
    </Filter>
    <Filter Include="Minigin\Scene">
      <UniqueIdentifier>{e0f8a5c5-95ee-49cf-9ca0-100741203386}</UniqueIdentifier>
    </Filter>
    <Filter Include="Minigin\Utils">
      <UniqueIdentifier>{9600f256-8795-409c-93e1-a8fb55ccc6a6}</UniqueIdentifier>
    </Filter>
    <Filter Include="Minigin\Scene\Components">
      <UniqueIdentifier>{781adc9f-20bf-4690-9118-d54bed33c01e}</UniqueIdentifier>
    </Filter>
    <Filter Include="External\DearImGui">
      <UniqueIdentifier>{1d94c013-80e7-4c12-b244-da253e9046f1}</UniqueIdentifier>
    </Filter>
    <Filter Include="External\ImGui_SDL">
      <UniqueIdentifier>{06fc09f0-1e6a-4e61-b711-3db9e7d8045c}</UniqueIdentifier>
    </Filter>
    <Filter Include="Minigin\Physics">
      <UniqueIdentifier>{a549dda0-e6ab-430b-8ff5-4618115cca42}</UniqueIdentifier>
    </Filter>
    <Filter Include="Minigin\Core">
      <UniqueIdentifier>{0a285bc3-fa81-4b67-8db3-fb64f79d4166}</UniqueIdentifier>
    </Filter>
    <Filter Include="External\inih">
      <UniqueIdentifier>{df902de9-a904-40e6-adaf-f411d5d43f7e}</UniqueIdentifier>
    </Filter>
  </ItemGroup>
  <ItemGroup>
    <ClInclude Include="src\MiniginPCH.h">
      <Filter>Minigin</Filter>
    </ClInclude>
    <ClInclude Include="..\3rdParty\imgui\imconfig.h">
      <Filter>External\DearImGui</Filter>
    </ClInclude>
    <ClInclude Include="..\3rdParty\imgui\imgui.h">
      <Filter>External\DearImGui</Filter>
    </ClInclude>
    <ClInclude Include="..\3rdParty\imgui\imgui_internal.h">
      <Filter>External\DearImGui</Filter>
    </ClInclude>
    <ClInclude Include="..\3rdParty\imgui\imstb_rectpack.h">
      <Filter>External\DearImGui</Filter>
    </ClInclude>
    <ClInclude Include="..\3rdParty\imgui\imstb_textedit.h">
      <Filter>External\DearImGui</Filter>
    </ClInclude>
    <ClInclude Include="..\3rdParty\imgui\imstb_truetype.h">
      <Filter>External\DearImGui</Filter>
    </ClInclude>
    <ClInclude Include="src\Color.h">
      <Filter>Minigin\Core</Filter>
    </ClInclude>
    <ClInclude Include="src\Font.h">
      <Filter>Minigin\Core</Filter>
    </ClInclude>
    <ClInclude Include="src\Renderer.h">
      <Filter>Minigin\Core</Filter>
    </ClInclude>
    <ClInclude Include="src\ResourceManager.h">
      <Filter>Minigin\Core</Filter>
    </ClInclude>
    <ClInclude Include="src\Texture2D.h">
      <Filter>Minigin\Core</Filter>
    </ClInclude>
    <ClInclude Include="src\Time.h">
      <Filter>Minigin\Core</Filter>
    </ClInclude>
    <ClInclude Include="src\GamepadInput.h">
      <Filter>Minigin\Input</Filter>
    </ClInclude>
    <ClInclude Include="src\InputAction.h">
      <Filter>Minigin\Input</Filter>
    </ClInclude>
    <ClInclude Include="src\InputAxis.h">
      <Filter>Minigin\Input</Filter>
    </ClInclude>
    <ClInclude Include="src\InputBinding.h">
      <Filter>Minigin\Input</Filter>
    </ClInclude>
    <ClInclude Include="src\InputManager.h">
      <Filter>Minigin\Input</Filter>
    </ClInclude>
    <ClInclude Include="src\InputState.h">
      <Filter>Minigin\Input</Filter>
    </ClInclude>
    <ClInclude Include="src\KeyboardInput.h">
      <Filter>Minigin\Input</Filter>
    </ClInclude>
    <ClInclude Include="src\KeyboardState.h">
      <Filter>Minigin\Input</Filter>
    </ClInclude>
    <ClInclude Include="src\MouseInput.h">
      <Filter>Minigin\Input</Filter>
    </ClInclude>
    <ClInclude Include="src\BaseComponent.h">
      <Filter>Minigin\Scene\Components</Filter>
    </ClInclude>
    <ClInclude Include="src\SpriteComponent.h">
      <Filter>Minigin\Scene\Components</Filter>
    </ClInclude>
    <ClInclude Include="src\TextComponent.h">
      <Filter>Minigin\Scene\Components</Filter>
    </ClInclude>
    <ClInclude Include="src\TextureComponent.h">
      <Filter>Minigin\Scene\Components</Filter>
    </ClInclude>
    <ClInclude Include="src\TransformComponent.h">
      <Filter>Minigin\Scene\Components</Filter>
    </ClInclude>
    <ClInclude Include="src\Components.h">
      <Filter>Minigin\Scene</Filter>
    </ClInclude>
    <ClInclude Include="src\GameObject.h">
      <Filter>Minigin\Scene</Filter>
    </ClInclude>
    <ClInclude Include="src\Scene.h">
      <Filter>Minigin\Scene</Filter>
    </ClInclude>
    <ClInclude Include="src\SceneManager.h">
      <Filter>Minigin\Scene</Filter>
    </ClInclude>
    <ClInclude Include="src\ImGuiWrapper.h">
      <Filter>Minigin\Utils</Filter>
    </ClInclude>
    <ClInclude Include="src\Singleton.h">
      <Filter>Minigin\Utils</Filter>
    </ClInclude>
    <ClInclude Include="src\MiniginApp.h">
      <Filter>Minigin</Filter>
    </ClInclude>
    <ClInclude Include="..\3rdParty\imgui_sdl\imgui_sdl.h">
      <Filter>External\ImGui_SDL</Filter>
    </ClInclude>
    <ClInclude Include="src\Physics.h">
      <Filter>Minigin\Physics</Filter>
    </ClInclude>
    <ClInclude Include="src\RigidBodyComponent.h">
      <Filter>Minigin\Scene\Components</Filter>
    </ClInclude>
    <ClInclude Include="src\PhysicsConvert.h">
      <Filter>Minigin\Physics</Filter>
    </ClInclude>
    <ClInclude Include="..\3rdParty\inih\INIReader.h">
      <Filter>External\inih</Filter>
    </ClInclude>
    <ClInclude Include="src\SettingsManager.h">
      <Filter>Minigin\Core</Filter>
    </ClInclude>
    <ClInclude Include="src\ColliderComponent.h">
      <Filter>Minigin\Scene\Components</Filter>
    </ClInclude>
    <ClInclude Include="src\ContactListener.h">
      <Filter>Minigin\Physics</Filter>
    </ClInclude>
  </ItemGroup>
  <ItemGroup>
    <ClCompile Include="src\MiniginPCH.cpp">
      <Filter>Minigin</Filter>
    </ClCompile>
    <ClCompile Include="..\3rdParty\imgui\imgui.cpp">
      <Filter>External\DearImGui</Filter>
    </ClCompile>
    <ClCompile Include="..\3rdParty\imgui\imgui_demo.cpp">
      <Filter>External\DearImGui</Filter>
    </ClCompile>
    <ClCompile Include="..\3rdParty\imgui\imgui_draw.cpp">
      <Filter>External\DearImGui</Filter>
    </ClCompile>
    <ClCompile Include="..\3rdParty\imgui\imgui_widgets.cpp">
      <Filter>External\DearImGui</Filter>
    </ClCompile>
    <ClCompile Include="src\Color.cpp">
      <Filter>Minigin\Core</Filter>
    </ClCompile>
    <ClCompile Include="src\Font.cpp">
      <Filter>Minigin\Core</Filter>
    </ClCompile>
    <ClCompile Include="src\Renderer.cpp">
      <Filter>Minigin\Core</Filter>
    </ClCompile>
    <ClCompile Include="src\ResourceManager.cpp">
      <Filter>Minigin\Core</Filter>
    </ClCompile>
    <ClCompile Include="src\Texture2D.cpp">
      <Filter>Minigin\Core</Filter>
    </ClCompile>
    <ClCompile Include="src\Time.cpp">
      <Filter>Minigin\Core</Filter>
    </ClCompile>
    <ClCompile Include="src\InputAction.cpp">
      <Filter>Minigin\Input</Filter>
    </ClCompile>
    <ClCompile Include="src\InputAxis.cpp">
      <Filter>Minigin\Input</Filter>
    </ClCompile>
    <ClCompile Include="src\InputBinding.cpp">
      <Filter>Minigin\Input</Filter>
    </ClCompile>
    <ClCompile Include="src\InputManager.cpp">
      <Filter>Minigin\Input</Filter>
    </ClCompile>
    <ClCompile Include="src\KeyboardState.cpp">
      <Filter>Minigin\Input</Filter>
    </ClCompile>
    <ClCompile Include="src\SpriteComponent.cpp">
      <Filter>Minigin\Scene\Components</Filter>
    </ClCompile>
    <ClCompile Include="src\TextComponent.cpp">
      <Filter>Minigin\Scene\Components</Filter>
    </ClCompile>
    <ClCompile Include="src\TextureComponent.cpp">
      <Filter>Minigin\Scene\Components</Filter>
    </ClCompile>
    <ClCompile Include="src\TransformComponent.cpp">
      <Filter>Minigin\Scene\Components</Filter>
    </ClCompile>
    <ClCompile Include="src\GameObject.cpp">
      <Filter>Minigin\Scene</Filter>
    </ClCompile>
    <ClCompile Include="src\Scene.cpp">
      <Filter>Minigin\Scene</Filter>
    </ClCompile>
    <ClCompile Include="src\SceneManager.cpp">
      <Filter>Minigin\Scene</Filter>
    </ClCompile>
    <ClCompile Include="src\ImGuiWrapper.cpp">
      <Filter>Minigin\Utils</Filter>
    </ClCompile>
    <ClCompile Include="src\MiniginApp.cpp">
      <Filter>Minigin</Filter>
    </ClCompile>
    <ClCompile Include="..\3rdParty\imgui_sdl\imgui_sdl.cpp">
      <Filter>External\ImGui_SDL</Filter>
    </ClCompile>
    <ClCompile Include="src\Physics.cpp">
      <Filter>Minigin\Physics</Filter>
    </ClCompile>
    <ClCompile Include="src\RigidBodyComponent.cpp">
      <Filter>Minigin\Scene\Components</Filter>
    </ClCompile>
    <ClCompile Include="src\PhysicsConvert.cpp">
      <Filter>Minigin\Physics</Filter>
    </ClCompile>
    <ClCompile Include="src\SettingsManager.cpp">
      <Filter>Minigin\Core</Filter>
    </ClCompile>
    <ClCompile Include="src\ColliderComponent.cpp">
      <Filter>Minigin\Scene\Components</Filter>
    </ClCompile>
    <ClCompile Include="src\ContactListener.cpp">
      <Filter>Minigin\Physics</Filter>
    </ClCompile>
  </ItemGroup>
</Project>